// !$*UTF8*$!
{
	archiveVersion = 1;
	classes = {
	};
	objectVersion = 50;
	objects = {

/* Begin PBXBuildFile section */
		5217BB9B279CFB7300948175 /* bgimg.png in Resources */ = {isa = PBXBuildFile; fileRef = 5217BB9A279CFB7300948175 /* bgimg.png */; };
		9C000419278EAF6E00775F6D /* AppDelegate.swift in Sources */ = {isa = PBXBuildFile; fileRef = 9C000418278EAF6E00775F6D /* AppDelegate.swift */; };
		9C00041B278EAF6E00775F6D /* SceneDelegate.swift in Sources */ = {isa = PBXBuildFile; fileRef = 9C00041A278EAF6E00775F6D /* SceneDelegate.swift */; };
		9C00041D278EAF6E00775F6D /* ViewController.swift in Sources */ = {isa = PBXBuildFile; fileRef = 9C00041C278EAF6E00775F6D /* ViewController.swift */; };
		9C000420278EAF6E00775F6D /* Main.storyboard in Resources */ = {isa = PBXBuildFile; fileRef = 9C00041E278EAF6E00775F6D /* Main.storyboard */; };
		9C000422278EAF6E00775F6D /* Assets.xcassets in Resources */ = {isa = PBXBuildFile; fileRef = 9C000421278EAF6E00775F6D /* Assets.xcassets */; };
		9C000425278EAF6E00775F6D /* LaunchScreen.storyboard in Resources */ = {isa = PBXBuildFile; fileRef = 9C000423278EAF6E00775F6D /* LaunchScreen.storyboard */; };
		9C000435278EC71C00775F6D /* ZHDrawBoard.xib in Resources */ = {isa = PBXBuildFile; fileRef = 9C000433278EC71C00775F6D /* ZHDrawBoard.xib */; };
		9C000436278EC71C00775F6D /* ZHDrawBoard.swift in Sources */ = {isa = PBXBuildFile; fileRef = 9C000434278EC71C00775F6D /* ZHDrawBoard.swift */; };
		9C22C3AF279FEE3A006E4836 /* bezier-clipping.mm in Sources */ = {isa = PBXBuildFile; fileRef = 9C22C377279FEE3A006E4836 /* bezier-clipping.mm */; };
		9C22C3B0279FEE3A006E4836 /* transforms.cpp in Sources */ = {isa = PBXBuildFile; fileRef = 9C22C37B279FEE3A006E4836 /* transforms.cpp */; };
		9C22C3B1279FEE3A006E4836 /* DKIntersectionOfPaths.m in Sources */ = {isa = PBXBuildFile; fileRef = 9C22C382279FEE3A006E4836 /* DKIntersectionOfPaths.m */; };
		9C22C3B2279FEE3A006E4836 /* convexhull.cxx in Sources */ = {isa = PBXBuildFile; fileRef = 9C22C386279FEE3A006E4836 /* convexhull.cxx */; };
		9C22C3B3279FEE3A006E4836 /* bezier-utils.cpp in Sources */ = {isa = PBXBuildFile; fileRef = 9C22C38D279FEE3A006E4836 /* bezier-utils.cpp */; };
		9C22C3B4279FEE3A006E4836 /* UIBezierPath+Intersections.m in Sources */ = {isa = PBXBuildFile; fileRef = 9C22C38F279FEE3A006E4836 /* UIBezierPath+Intersections.m */; };
		9C22C3B5279FEE3A006E4836 /* DKUIBezierUnmatchedPathIntersectionPoint.m in Sources */ = {isa = PBXBuildFile; fileRef = 9C22C390279FEE3A006E4836 /* DKUIBezierUnmatchedPathIntersectionPoint.m */; };
		9C22C3B6279FEE3A006E4836 /* UIBezierPath+GeometryExtras.m in Sources */ = {isa = PBXBuildFile; fileRef = 9C22C392279FEE3A006E4836 /* UIBezierPath+GeometryExtras.m */; };
		9C22C3B7279FEE3A006E4836 /* UIBezierPath+Clipping.mm in Sources */ = {isa = PBXBuildFile; fileRef = 9C22C397279FEE3A006E4836 /* UIBezierPath+Clipping.mm */; };
		9C22C3B8279FEE3A006E4836 /* DKUIBezierPathShape.m in Sources */ = {isa = PBXBuildFile; fileRef = 9C22C398279FEE3A006E4836 /* DKUIBezierPathShape.m */; };
		9C22C3BA279FEE3A006E4836 /* point.cpp in Sources */ = {isa = PBXBuildFile; fileRef = 9C22C39A279FEE3A006E4836 /* point.cpp */; };
		9C22C3BB279FEE3A006E4836 /* DKUIBezierPathClippedSegment.m in Sources */ = {isa = PBXBuildFile; fileRef = 9C22C39B279FEE3A006E4836 /* DKUIBezierPathClippedSegment.m */; };
		9C22C3BC279FEE3A006E4836 /* BezierUtilsLicense in Resources */ = {isa = PBXBuildFile; fileRef = 9C22C39D279FEE3A006E4836 /* BezierUtilsLicense */; };
		9C22C3BD279FEE3A006E4836 /* matrix.cpp in Sources */ = {isa = PBXBuildFile; fileRef = 9C22C39E279FEE3A006E4836 /* matrix.cpp */; };
		9C22C3BE279FEE3A006E4836 /* DKTangentAtPoint.m in Sources */ = {isa = PBXBuildFile; fileRef = 9C22C39F279FEE3A006E4836 /* DKTangentAtPoint.m */; };
		9C22C3BF279FEE3A006E4836 /* UIBezierPath+Trimming.m in Sources */ = {isa = PBXBuildFile; fileRef = 9C22C3A0279FEE3A006E4836 /* UIBezierPath+Trimming.m */; };
		9C22C3C0279FEE3A006E4836 /* DKVector.m in Sources */ = {isa = PBXBuildFile; fileRef = 9C22C3A1279FEE3A006E4836 /* DKVector.m */; };
		9C22C3C1279FEE3A006E4836 /* JRSwizzle.m in Sources */ = {isa = PBXBuildFile; fileRef = 9C22C3A2279FEE3A006E4836 /* JRSwizzle.m */; };
		9C22C3C2279FEE3A006E4836 /* MMBackwardCompatible.m in Sources */ = {isa = PBXBuildFile; fileRef = 9C22C3A3279FEE3A006E4836 /* MMBackwardCompatible.m */; };
		9C22C3C3279FEE3A006E4836 /* UIBezierPath+DKOSX.m in Sources */ = {isa = PBXBuildFile; fileRef = 9C22C3A4279FEE3A006E4836 /* UIBezierPath+DKOSX.m */; };
		9C22C3C4279FEE3A006E4836 /* NearestPoint.c in Sources */ = {isa = PBXBuildFile; fileRef = 9C22C3A5279FEE3A006E4836 /* NearestPoint.c */; };
		9C22C3C5279FEE3A006E4836 /* DKUIBezierPathClippingResult.m in Sources */ = {isa = PBXBuildFile; fileRef = 9C22C3A6279FEE3A006E4836 /* DKUIBezierPathClippingResult.m */; };
		9C22C3C6279FEE3A006E4836 /* DKUIBezierPathIntersectionPoint.m in Sources */ = {isa = PBXBuildFile; fileRef = 9C22C3A9279FEE3A006E4836 /* DKUIBezierPathIntersectionPoint.m */; };
		9C22C3C8279FEE3A006E4836 /* bezierclip.cxx in Sources */ = {isa = PBXBuildFile; fileRef = 9C22C3AE279FEE3A006E4836 /* bezierclip.cxx */; };
		9C22C3CA279FEF2B006E4836 /* ClippingBezier-Info.plist in Resources */ = {isa = PBXBuildFile; fileRef = 9C22C3C9279FEF2B006E4836 /* ClippingBezier-Info.plist */; };
		9C2A006127B23BC600B9BAC7 /* UIBezierPath+Performance.m in Sources */ = {isa = PBXBuildFile; fileRef = 9C2A004427B23BC600B9BAC7 /* UIBezierPath+Performance.m */; };
		9C2A006227B23BC600B9BAC7 /* UIBezierPath+Ahmed.m in Sources */ = {isa = PBXBuildFile; fileRef = 9C2A004827B23BC600B9BAC7 /* UIBezierPath+Ahmed.m */; };
		9C2A006327B23BC600B9BAC7 /* UIBezierPath+Util.m in Sources */ = {isa = PBXBuildFile; fileRef = 9C2A004927B23BC600B9BAC7 /* UIBezierPath+Util.m */; };
		9C2A006427B23BC600B9BAC7 /* UIBezierPath+NSOSX.m in Sources */ = {isa = PBXBuildFile; fileRef = 9C2A004A27B23BC600B9BAC7 /* UIBezierPath+NSOSX.m */; };
		9C2A006527B23BC600B9BAC7 /* UIBezierPath+FirstLast.m in Sources */ = {isa = PBXBuildFile; fileRef = 9C2A004E27B23BC600B9BAC7 /* UIBezierPath+FirstLast.m */; };
		9C2A006627B23BC600B9BAC7 /* UIBezierPath+Clockwise.m in Sources */ = {isa = PBXBuildFile; fileRef = 9C2A005127B23BC600B9BAC7 /* UIBezierPath+Clockwise.m */; };
		9C2A006727B23BC600B9BAC7 /* UIBezierPath+Description.m in Sources */ = {isa = PBXBuildFile; fileRef = 9C2A005327B23BC600B9BAC7 /* UIBezierPath+Description.m */; };
		9C2A006827B23BC600B9BAC7 /* UIBezierPath+Equals.m in Sources */ = {isa = PBXBuildFile; fileRef = 9C2A005527B23BC600B9BAC7 /* UIBezierPath+Equals.m */; };
		9C2A006927B23BC600B9BAC7 /* JRSwizzle.m in Sources */ = {isa = PBXBuildFile; fileRef = 9C2A005A27B23BC600B9BAC7 /* JRSwizzle.m */; };
		9C2A006A27B23BC600B9BAC7 /* UIBezierPath+Center.m in Sources */ = {isa = PBXBuildFile; fileRef = 9C2A005C27B23BC600B9BAC7 /* UIBezierPath+Center.m */; };
		9C2A006B27B23BC600B9BAC7 /* UIBezierPathProperties.m in Sources */ = {isa = PBXBuildFile; fileRef = 9C2A005D27B23BC600B9BAC7 /* UIBezierPathProperties.m */; };
		9C2A006C27B23BC600B9BAC7 /* UIBezierPath+Uncached.m in Sources */ = {isa = PBXBuildFile; fileRef = 9C2A005E27B23BC600B9BAC7 /* UIBezierPath+Uncached.m */; };
		9C2A006D27B23BC600B9BAC7 /* UIBezierPath+Trim.m in Sources */ = {isa = PBXBuildFile; fileRef = 9C2A006027B23BC600B9BAC7 /* UIBezierPath+Trim.m */; };
		9C4D25F327902948007128EC /* ZHPenPath.swift in Sources */ = {isa = PBXBuildFile; fileRef = 9C4D25F227902948007128EC /* ZHPenPath.swift */; };
		9C9FA1E227A23017005DB885 /* bgimgW.png in Resources */ = {isa = PBXBuildFile; fileRef = 9C9FA1E127A23017005DB885 /* bgimgW.png */; };
		9CA7B300279A9514009D4309 /* ZHExtension.swift in Sources */ = {isa = PBXBuildFile; fileRef = 9CA7B2FF279A9514009D4309 /* ZHExtension.swift */; };
		9CADE7DF279E52D80084B482 /* ZHTextPath.swift in Sources */ = {isa = PBXBuildFile; fileRef = 9CADE7DE279E52D80084B482 /* ZHTextPath.swift */; };
		9CC62CF8279693E600A6FE1E /* ZHLinePath.swift in Sources */ = {isa = PBXBuildFile; fileRef = 9CC62CF7279693E600A6FE1E /* ZHLinePath.swift */; };
		9CC62CFA2796A32C00A6FE1E /* ZHBasePath.swift in Sources */ = {isa = PBXBuildFile; fileRef = 9CC62CF92796A32C00A6FE1E /* ZHBasePath.swift */; };
		9CC62CFC2796A83A00A6FE1E /* ZHDrawBoardOptionBar.swift in Sources */ = {isa = PBXBuildFile; fileRef = 9CC62CFB2796A83A00A6FE1E /* ZHDrawBoardOptionBar.swift */; };
		9CC62CFE2796AAEA00A6FE1E /* ZHDrawView.swift in Sources */ = {isa = PBXBuildFile; fileRef = 9CC62CFD2796AAEA00A6FE1E /* ZHDrawView.swift */; };
		9CE0A7D92797E147004E6B4C /* ZHCirclePath.swift in Sources */ = {isa = PBXBuildFile; fileRef = 9CE0A7D82797E147004E6B4C /* ZHCirclePath.swift */; };
		9CE0A7DB27993E4D004E6B4C /* ZHRectPath.swift in Sources */ = {isa = PBXBuildFile; fileRef = 9CE0A7DA27993E4D004E6B4C /* ZHRectPath.swift */; };
		9CE0A7DD27994869004E6B4C /* ZHArrowPath.swift in Sources */ = {isa = PBXBuildFile; fileRef = 9CE0A7DC27994869004E6B4C /* ZHArrowPath.swift */; };
		9CE1A5992795429D00BD7930 /* ZHDrawSelectedView.swift in Sources */ = {isa = PBXBuildFile; fileRef = 9CE1A5982795429D00BD7930 /* ZHDrawSelectedView.swift */; };
		E4F3527550C085C7A8D63572 /* Pods_ZHDrawBoardDemo.framework in Frameworks */ = {isa = PBXBuildFile; fileRef = 6E3AD0F82D9A882F988F83C9 /* Pods_ZHDrawBoardDemo.framework */; };
/* End PBXBuildFile section */

/* Begin PBXFileReference section */
		49A61FA4059E6B3FE824CF5A /* Pods-ZHDrawBoardDemo.debug.xcconfig */ = {isa = PBXFileReference; includeInIndex = 1; lastKnownFileType = text.xcconfig; name = "Pods-ZHDrawBoardDemo.debug.xcconfig"; path = "Target Support Files/Pods-ZHDrawBoardDemo/Pods-ZHDrawBoardDemo.debug.xcconfig"; sourceTree = "<group>"; };
		5217BB9A279CFB7300948175 /* bgimg.png */ = {isa = PBXFileReference; lastKnownFileType = image.png; path = bgimg.png; sourceTree = "<group>"; };
		59EFA203F748FE96F5674405 /* Pods-ZHDrawBoardDemo.release.xcconfig */ = {isa = PBXFileReference; includeInIndex = 1; lastKnownFileType = text.xcconfig; name = "Pods-ZHDrawBoardDemo.release.xcconfig"; path = "Target Support Files/Pods-ZHDrawBoardDemo/Pods-ZHDrawBoardDemo.release.xcconfig"; sourceTree = "<group>"; };
		6E3AD0F82D9A882F988F83C9 /* Pods_ZHDrawBoardDemo.framework */ = {isa = PBXFileReference; explicitFileType = wrapper.framework; includeInIndex = 0; path = Pods_ZHDrawBoardDemo.framework; sourceTree = BUILT_PRODUCTS_DIR; };
		9C000415278EAF6E00775F6D /* ZHDrawBoardDemo.app */ = {isa = PBXFileReference; explicitFileType = wrapper.application; includeInIndex = 0; path = ZHDrawBoardDemo.app; sourceTree = BUILT_PRODUCTS_DIR; };
		9C000418278EAF6E00775F6D /* AppDelegate.swift */ = {isa = PBXFileReference; lastKnownFileType = sourcecode.swift; path = AppDelegate.swift; sourceTree = "<group>"; };
		9C00041A278EAF6E00775F6D /* SceneDelegate.swift */ = {isa = PBXFileReference; lastKnownFileType = sourcecode.swift; path = SceneDelegate.swift; sourceTree = "<group>"; };
		9C00041C278EAF6E00775F6D /* ViewController.swift */ = {isa = PBXFileReference; lastKnownFileType = sourcecode.swift; path = ViewController.swift; sourceTree = "<group>"; };
		9C00041F278EAF6E00775F6D /* Base */ = {isa = PBXFileReference; lastKnownFileType = file.storyboard; name = Base; path = Base.lproj/Main.storyboard; sourceTree = "<group>"; };
		9C000421278EAF6E00775F6D /* Assets.xcassets */ = {isa = PBXFileReference; lastKnownFileType = folder.assetcatalog; path = Assets.xcassets; sourceTree = "<group>"; };
		9C000424278EAF6E00775F6D /* Base */ = {isa = PBXFileReference; lastKnownFileType = file.storyboard; name = Base; path = Base.lproj/LaunchScreen.storyboard; sourceTree = "<group>"; };
		9C000426278EAF6E00775F6D /* Info.plist */ = {isa = PBXFileReference; lastKnownFileType = text.plist.xml; path = Info.plist; sourceTree = "<group>"; };
		9C000433278EC71C00775F6D /* ZHDrawBoard.xib */ = {isa = PBXFileReference; fileEncoding = 4; lastKnownFileType = file.xib; path = ZHDrawBoard.xib; sourceTree = "<group>"; };
		9C000434278EC71C00775F6D /* ZHDrawBoard.swift */ = {isa = PBXFileReference; fileEncoding = 4; lastKnownFileType = sourcecode.swift; path = ZHDrawBoard.swift; sourceTree = "<group>"; };
		9C22C30C279FEA4B006E4836 /* ZHDrawBoardDemo-Bridging-Header.h */ = {isa = PBXFileReference; lastKnownFileType = sourcecode.c.h; path = "ZHDrawBoardDemo-Bridging-Header.h"; sourceTree = "<group>"; };
		9C22C377279FEE3A006E4836 /* bezier-clipping.mm */ = {isa = PBXFileReference; fileEncoding = 4; lastKnownFileType = sourcecode.cpp.objcpp; path = "bezier-clipping.mm"; sourceTree = "<group>"; };
		9C22C378279FEE3A006E4836 /* DKUIBezierPathShape.h */ = {isa = PBXFileReference; fileEncoding = 4; lastKnownFileType = sourcecode.c.h; path = DKUIBezierPathShape.h; sourceTree = "<group>"; };
		9C22C379279FEE3A006E4836 /* utils.h */ = {isa = PBXFileReference; fileEncoding = 4; lastKnownFileType = sourcecode.c.h; path = utils.h; sourceTree = "<group>"; };
		9C22C37A279FEE3A006E4836 /* gauss.hxx */ = {isa = PBXFileReference; fileEncoding = 4; lastKnownFileType = sourcecode.cpp.h; path = gauss.hxx; sourceTree = "<group>"; };
		9C22C37B279FEE3A006E4836 /* transforms.cpp */ = {isa = PBXFileReference; fileEncoding = 4; lastKnownFileType = sourcecode.cpp.cpp; path = transforms.cpp; sourceTree = "<group>"; };
		9C22C37C279FEE3A006E4836 /* JRSwizzle.h */ = {isa = PBXFileReference; fileEncoding = 4; lastKnownFileType = sourcecode.c.h; path = JRSwizzle.h; sourceTree = "<group>"; };
		9C22C37D279FEE3A006E4836 /* DKVector.h */ = {isa = PBXFileReference; fileEncoding = 4; lastKnownFileType = sourcecode.c.h; path = DKVector.h; sourceTree = "<group>"; };
		9C22C37E279FEE3A006E4836 /* UIBezierPath+Trimming.h */ = {isa = PBXFileReference; fileEncoding = 4; lastKnownFileType = sourcecode.c.h; path = "UIBezierPath+Trimming.h"; sourceTree = "<group>"; };
		9C22C37F279FEE3A006E4836 /* UIBezierPath+Clipping_Private.h */ = {isa = PBXFileReference; fileEncoding = 4; lastKnownFileType = sourcecode.c.h; path = "UIBezierPath+Clipping_Private.h"; sourceTree = "<group>"; };
		9C22C380279FEE3A006E4836 /* DKTangentAtPoint.h */ = {isa = PBXFileReference; fileEncoding = 4; lastKnownFileType = sourcecode.c.h; path = DKTangentAtPoint.h; sourceTree = "<group>"; };
		9C22C381279FEE3A006E4836 /* point.h */ = {isa = PBXFileReference; fileEncoding = 4; lastKnownFileType = sourcecode.c.h; path = point.h; sourceTree = "<group>"; };
		9C22C382279FEE3A006E4836 /* DKIntersectionOfPaths.m */ = {isa = PBXFileReference; fileEncoding = 4; lastKnownFileType = sourcecode.c.objc; path = DKIntersectionOfPaths.m; sourceTree = "<group>"; };
		9C22C383279FEE3A006E4836 /* bezierclip.hxx */ = {isa = PBXFileReference; fileEncoding = 4; lastKnownFileType = sourcecode.cpp.h; path = bezierclip.hxx; sourceTree = "<group>"; };
		9C22C384279FEE3A006E4836 /* bezier-utils.h */ = {isa = PBXFileReference; fileEncoding = 4; lastKnownFileType = sourcecode.c.h; path = "bezier-utils.h"; sourceTree = "<group>"; };
		9C22C385279FEE3A006E4836 /* DKUIBezierPathClippedSegment.h */ = {isa = PBXFileReference; fileEncoding = 4; lastKnownFileType = sourcecode.c.h; path = DKUIBezierPathClippedSegment.h; sourceTree = "<group>"; };
		9C22C386279FEE3A006E4836 /* convexhull.cxx */ = {isa = PBXFileReference; fileEncoding = 4; lastKnownFileType = sourcecode.cpp.cpp; path = convexhull.cxx; sourceTree = "<group>"; };
		9C22C387279FEE3A006E4836 /* UIBezierPath+DKOSX.h */ = {isa = PBXFileReference; fileEncoding = 4; lastKnownFileType = sourcecode.c.h; path = "UIBezierPath+DKOSX.h"; sourceTree = "<group>"; };
		9C22C388279FEE3A006E4836 /* NearestPoint.h */ = {isa = PBXFileReference; fileEncoding = 4; lastKnownFileType = sourcecode.c.h; path = NearestPoint.h; sourceTree = "<group>"; };
		9C22C389279FEE3A006E4836 /* MMBackwardCompatible.h */ = {isa = PBXFileReference; fileEncoding = 4; lastKnownFileType = sourcecode.c.h; path = MMBackwardCompatible.h; sourceTree = "<group>"; };
		9C22C38A279FEE3A006E4836 /* matrix.h */ = {isa = PBXFileReference; fileEncoding = 4; lastKnownFileType = sourcecode.c.h; path = matrix.h; sourceTree = "<group>"; };
		9C22C38B279FEE3A006E4836 /* UIBezierPath+Clipping.h */ = {isa = PBXFileReference; fileEncoding = 4; lastKnownFileType = sourcecode.c.h; path = "UIBezierPath+Clipping.h"; sourceTree = "<group>"; };
		9C22C38C279FEE3A006E4836 /* coord.h */ = {isa = PBXFileReference; fileEncoding = 4; lastKnownFileType = sourcecode.c.h; path = coord.h; sourceTree = "<group>"; };
		9C22C38D279FEE3A006E4836 /* bezier-utils.cpp */ = {isa = PBXFileReference; fileEncoding = 4; lastKnownFileType = sourcecode.cpp.cpp; path = "bezier-utils.cpp"; sourceTree = "<group>"; };
		9C22C38E279FEE3A006E4836 /* bezier-clipping.h */ = {isa = PBXFileReference; fileEncoding = 4; lastKnownFileType = sourcecode.c.h; path = "bezier-clipping.h"; sourceTree = "<group>"; };
		9C22C38F279FEE3A006E4836 /* UIBezierPath+Intersections.m */ = {isa = PBXFileReference; fileEncoding = 4; lastKnownFileType = sourcecode.c.objc; path = "UIBezierPath+Intersections.m"; sourceTree = "<group>"; };
		9C22C390279FEE3A006E4836 /* DKUIBezierUnmatchedPathIntersectionPoint.m */ = {isa = PBXFileReference; fileEncoding = 4; lastKnownFileType = sourcecode.c.objc; path = DKUIBezierUnmatchedPathIntersectionPoint.m; sourceTree = "<group>"; };
		9C22C391279FEE3A006E4836 /* DKUIBezierPathIntersectionPoint.h */ = {isa = PBXFileReference; fileEncoding = 4; lastKnownFileType = sourcecode.c.h; path = DKUIBezierPathIntersectionPoint.h; sourceTree = "<group>"; };
		9C22C392279FEE3A006E4836 /* UIBezierPath+GeometryExtras.m */ = {isa = PBXFileReference; fileEncoding = 4; lastKnownFileType = sourcecode.c.objc; path = "UIBezierPath+GeometryExtras.m"; sourceTree = "<group>"; };
		9C22C393279FEE3A006E4836 /* DKUIBezierPathClippingResult.h */ = {isa = PBXFileReference; fileEncoding = 4; lastKnownFileType = sourcecode.c.h; path = DKUIBezierPathClippingResult.h; sourceTree = "<group>"; };
		9C22C394279FEE3A006E4836 /* isnan.h */ = {isa = PBXFileReference; fileEncoding = 4; lastKnownFileType = sourcecode.c.h; path = isnan.h; sourceTree = "<group>"; };
		9C22C395279FEE3A006E4836 /* ClippingBezier.h */ = {isa = PBXFileReference; fileEncoding = 4; lastKnownFileType = sourcecode.c.h; path = ClippingBezier.h; sourceTree = "<group>"; };
		9C22C396279FEE3A006E4836 /* DKUIBezierPathIntersectionPoint+Private.h */ = {isa = PBXFileReference; fileEncoding = 4; lastKnownFileType = sourcecode.c.h; path = "DKUIBezierPathIntersectionPoint+Private.h"; sourceTree = "<group>"; };
		9C22C397279FEE3A006E4836 /* UIBezierPath+Clipping.mm */ = {isa = PBXFileReference; fileEncoding = 4; lastKnownFileType = sourcecode.cpp.objcpp; path = "UIBezierPath+Clipping.mm"; sourceTree = "<group>"; };
		9C22C398279FEE3A006E4836 /* DKUIBezierPathShape.m */ = {isa = PBXFileReference; fileEncoding = 4; lastKnownFileType = sourcecode.c.objc; path = DKUIBezierPathShape.m; sourceTree = "<group>"; };
		9C22C39A279FEE3A006E4836 /* point.cpp */ = {isa = PBXFileReference; fileEncoding = 4; lastKnownFileType = sourcecode.cpp.cpp; path = point.cpp; sourceTree = "<group>"; };
		9C22C39B279FEE3A006E4836 /* DKUIBezierPathClippedSegment.m */ = {isa = PBXFileReference; fileEncoding = 4; lastKnownFileType = sourcecode.c.objc; path = DKUIBezierPathClippedSegment.m; sourceTree = "<group>"; };
		9C22C39C279FEE3A006E4836 /* DKIntersectionOfPaths.h */ = {isa = PBXFileReference; fileEncoding = 4; lastKnownFileType = sourcecode.c.h; path = DKIntersectionOfPaths.h; sourceTree = "<group>"; };
		9C22C39D279FEE3A006E4836 /* BezierUtilsLicense */ = {isa = PBXFileReference; fileEncoding = 4; lastKnownFileType = text; path = BezierUtilsLicense; sourceTree = "<group>"; };
		9C22C39E279FEE3A006E4836 /* matrix.cpp */ = {isa = PBXFileReference; fileEncoding = 4; lastKnownFileType = sourcecode.cpp.cpp; path = matrix.cpp; sourceTree = "<group>"; };
		9C22C39F279FEE3A006E4836 /* DKTangentAtPoint.m */ = {isa = PBXFileReference; fileEncoding = 4; lastKnownFileType = sourcecode.c.objc; path = DKTangentAtPoint.m; sourceTree = "<group>"; };
		9C22C3A0279FEE3A006E4836 /* UIBezierPath+Trimming.m */ = {isa = PBXFileReference; fileEncoding = 4; lastKnownFileType = sourcecode.c.objc; path = "UIBezierPath+Trimming.m"; sourceTree = "<group>"; };
		9C22C3A1279FEE3A006E4836 /* DKVector.m */ = {isa = PBXFileReference; fileEncoding = 4; lastKnownFileType = sourcecode.c.objc; path = DKVector.m; sourceTree = "<group>"; };
		9C22C3A2279FEE3A006E4836 /* JRSwizzle.m */ = {isa = PBXFileReference; fileEncoding = 4; lastKnownFileType = sourcecode.c.objc; path = JRSwizzle.m; sourceTree = "<group>"; };
		9C22C3A3279FEE3A006E4836 /* MMBackwardCompatible.m */ = {isa = PBXFileReference; fileEncoding = 4; lastKnownFileType = sourcecode.c.objc; path = MMBackwardCompatible.m; sourceTree = "<group>"; };
		9C22C3A4279FEE3A006E4836 /* UIBezierPath+DKOSX.m */ = {isa = PBXFileReference; fileEncoding = 4; lastKnownFileType = sourcecode.c.objc; path = "UIBezierPath+DKOSX.m"; sourceTree = "<group>"; };
		9C22C3A5279FEE3A006E4836 /* NearestPoint.c */ = {isa = PBXFileReference; fileEncoding = 4; lastKnownFileType = sourcecode.c.c; path = NearestPoint.c; sourceTree = "<group>"; };
		9C22C3A6279FEE3A006E4836 /* DKUIBezierPathClippingResult.m */ = {isa = PBXFileReference; fileEncoding = 4; lastKnownFileType = sourcecode.c.objc; path = DKUIBezierPathClippingResult.m; sourceTree = "<group>"; };
		9C22C3A7279FEE3A006E4836 /* UIBezierPath+GeometryExtras.h */ = {isa = PBXFileReference; fileEncoding = 4; lastKnownFileType = sourcecode.c.h; path = "UIBezierPath+GeometryExtras.h"; sourceTree = "<group>"; };
		9C22C3A8279FEE3A006E4836 /* transforms.h */ = {isa = PBXFileReference; fileEncoding = 4; lastKnownFileType = sourcecode.c.h; path = transforms.h; sourceTree = "<group>"; };
		9C22C3A9279FEE3A006E4836 /* DKUIBezierPathIntersectionPoint.m */ = {isa = PBXFileReference; fileEncoding = 4; lastKnownFileType = sourcecode.c.objc; path = DKUIBezierPathIntersectionPoint.m; sourceTree = "<group>"; };
		9C22C3AA279FEE3A006E4836 /* DKUIBezierUnmatchedPathIntersectionPoint.h */ = {isa = PBXFileReference; fileEncoding = 4; lastKnownFileType = sourcecode.c.h; path = DKUIBezierUnmatchedPathIntersectionPoint.h; sourceTree = "<group>"; };
		9C22C3AC279FEE3A006E4836 /* UIBezierPath+Intersections.h */ = {isa = PBXFileReference; fileEncoding = 4; lastKnownFileType = sourcecode.c.h; path = "UIBezierPath+Intersections.h"; sourceTree = "<group>"; };
		9C22C3AD279FEE3A006E4836 /* interval.h */ = {isa = PBXFileReference; fileEncoding = 4; lastKnownFileType = sourcecode.c.h; path = interval.h; sourceTree = "<group>"; };
		9C22C3AE279FEE3A006E4836 /* bezierclip.cxx */ = {isa = PBXFileReference; fileEncoding = 4; lastKnownFileType = sourcecode.cpp.cpp; path = bezierclip.cxx; sourceTree = "<group>"; };
		9C22C3C9279FEF2B006E4836 /* ClippingBezier-Info.plist */ = {isa = PBXFileReference; fileEncoding = 4; lastKnownFileType = text.plist.xml; path = "ClippingBezier-Info.plist"; sourceTree = "<group>"; };
		9C2A004427B23BC600B9BAC7 /* UIBezierPath+Performance.m */ = {isa = PBXFileReference; fileEncoding = 4; lastKnownFileType = sourcecode.c.objc; path = "UIBezierPath+Performance.m"; sourceTree = "<group>"; };
		9C2A004527B23BC600B9BAC7 /* UIBezierPath+Equals.h */ = {isa = PBXFileReference; fileEncoding = 4; lastKnownFileType = sourcecode.c.h; path = "UIBezierPath+Equals.h"; sourceTree = "<group>"; };
		9C2A004627B23BC600B9BAC7 /* UIBezierPath+Description.h */ = {isa = PBXFileReference; fileEncoding = 4; lastKnownFileType = sourcecode.c.h; path = "UIBezierPath+Description.h"; sourceTree = "<group>"; };
		9C2A004727B23BC600B9BAC7 /* JRSwizzle.h */ = {isa = PBXFileReference; fileEncoding = 4; lastKnownFileType = sourcecode.c.h; path = JRSwizzle.h; sourceTree = "<group>"; };
		9C2A004827B23BC600B9BAC7 /* UIBezierPath+Ahmed.m */ = {isa = PBXFileReference; fileEncoding = 4; lastKnownFileType = sourcecode.c.objc; path = "UIBezierPath+Ahmed.m"; sourceTree = "<group>"; };
		9C2A004927B23BC600B9BAC7 /* UIBezierPath+Util.m */ = {isa = PBXFileReference; fileEncoding = 4; lastKnownFileType = sourcecode.c.objc; path = "UIBezierPath+Util.m"; sourceTree = "<group>"; };
		9C2A004A27B23BC600B9BAC7 /* UIBezierPath+NSOSX.m */ = {isa = PBXFileReference; fileEncoding = 4; lastKnownFileType = sourcecode.c.objc; path = "UIBezierPath+NSOSX.m"; sourceTree = "<group>"; };
		9C2A004B27B23BC600B9BAC7 /* UIBezierPath+NSOSX_Private.h */ = {isa = PBXFileReference; fileEncoding = 4; lastKnownFileType = sourcecode.c.h; path = "UIBezierPath+NSOSX_Private.h"; sourceTree = "<group>"; };
		9C2A004C27B23BC600B9BAC7 /* UIBezierPath+Center.h */ = {isa = PBXFileReference; fileEncoding = 4; lastKnownFileType = sourcecode.c.h; path = "UIBezierPath+Center.h"; sourceTree = "<group>"; };
		9C2A004D27B23BC600B9BAC7 /* UIBezierPathProperties.h */ = {isa = PBXFileReference; fileEncoding = 4; lastKnownFileType = sourcecode.c.h; path = UIBezierPathProperties.h; sourceTree = "<group>"; };
		9C2A004E27B23BC600B9BAC7 /* UIBezierPath+FirstLast.m */ = {isa = PBXFileReference; fileEncoding = 4; lastKnownFileType = sourcecode.c.objc; path = "UIBezierPath+FirstLast.m"; sourceTree = "<group>"; };
		9C2A004F27B23BC600B9BAC7 /* PerformanceBezier.h */ = {isa = PBXFileReference; fileEncoding = 4; lastKnownFileType = sourcecode.c.h; path = PerformanceBezier.h; sourceTree = "<group>"; };
		9C2A005027B23BC600B9BAC7 /* UIBezierPath+Trim.h */ = {isa = PBXFileReference; fileEncoding = 4; lastKnownFileType = sourcecode.c.h; path = "UIBezierPath+Trim.h"; sourceTree = "<group>"; };
		9C2A005127B23BC600B9BAC7 /* UIBezierPath+Clockwise.m */ = {isa = PBXFileReference; fileEncoding = 4; lastKnownFileType = sourcecode.c.objc; path = "UIBezierPath+Clockwise.m"; sourceTree = "<group>"; };
		9C2A005227B23BC600B9BAC7 /* UIBezierPath+Uncached.h */ = {isa = PBXFileReference; fileEncoding = 4; lastKnownFileType = sourcecode.c.h; path = "UIBezierPath+Uncached.h"; sourceTree = "<group>"; };
		9C2A005327B23BC600B9BAC7 /* UIBezierPath+Description.m */ = {isa = PBXFileReference; fileEncoding = 4; lastKnownFileType = sourcecode.c.objc; path = "UIBezierPath+Description.m"; sourceTree = "<group>"; };
		9C2A005427B23BC600B9BAC7 /* UIBezierPath+Performance_Private.h */ = {isa = PBXFileReference; fileEncoding = 4; lastKnownFileType = sourcecode.c.h; path = "UIBezierPath+Performance_Private.h"; sourceTree = "<group>"; };
		9C2A005527B23BC600B9BAC7 /* UIBezierPath+Equals.m */ = {isa = PBXFileReference; fileEncoding = 4; lastKnownFileType = sourcecode.c.objc; path = "UIBezierPath+Equals.m"; sourceTree = "<group>"; };
		9C2A005627B23BC600B9BAC7 /* UIBezierPath+Performance.h */ = {isa = PBXFileReference; fileEncoding = 4; lastKnownFileType = sourcecode.c.h; path = "UIBezierPath+Performance.h"; sourceTree = "<group>"; };
		9C2A005727B23BC600B9BAC7 /* UIBezierPath+NSOSX.h */ = {isa = PBXFileReference; fileEncoding = 4; lastKnownFileType = sourcecode.c.h; path = "UIBezierPath+NSOSX.h"; sourceTree = "<group>"; };
		9C2A005827B23BC600B9BAC7 /* UIBezierPath+Util.h */ = {isa = PBXFileReference; fileEncoding = 4; lastKnownFileType = sourcecode.c.h; path = "UIBezierPath+Util.h"; sourceTree = "<group>"; };
		9C2A005927B23BC600B9BAC7 /* UIBezierPath+Ahmed.h */ = {isa = PBXFileReference; fileEncoding = 4; lastKnownFileType = sourcecode.c.h; path = "UIBezierPath+Ahmed.h"; sourceTree = "<group>"; };
		9C2A005A27B23BC600B9BAC7 /* JRSwizzle.m */ = {isa = PBXFileReference; fileEncoding = 4; lastKnownFileType = sourcecode.c.objc; path = JRSwizzle.m; sourceTree = "<group>"; };
		9C2A005B27B23BC600B9BAC7 /* UIBezierPath+FirstLast.h */ = {isa = PBXFileReference; fileEncoding = 4; lastKnownFileType = sourcecode.c.h; path = "UIBezierPath+FirstLast.h"; sourceTree = "<group>"; };
		9C2A005C27B23BC600B9BAC7 /* UIBezierPath+Center.m */ = {isa = PBXFileReference; fileEncoding = 4; lastKnownFileType = sourcecode.c.objc; path = "UIBezierPath+Center.m"; sourceTree = "<group>"; };
		9C2A005D27B23BC600B9BAC7 /* UIBezierPathProperties.m */ = {isa = PBXFileReference; fileEncoding = 4; lastKnownFileType = sourcecode.c.objc; path = UIBezierPathProperties.m; sourceTree = "<group>"; };
		9C2A005E27B23BC600B9BAC7 /* UIBezierPath+Uncached.m */ = {isa = PBXFileReference; fileEncoding = 4; lastKnownFileType = sourcecode.c.objc; path = "UIBezierPath+Uncached.m"; sourceTree = "<group>"; };
		9C2A005F27B23BC600B9BAC7 /* UIBezierPath+Clockwise.h */ = {isa = PBXFileReference; fileEncoding = 4; lastKnownFileType = sourcecode.c.h; path = "UIBezierPath+Clockwise.h"; sourceTree = "<group>"; };
		9C2A006027B23BC600B9BAC7 /* UIBezierPath+Trim.m */ = {isa = PBXFileReference; fileEncoding = 4; lastKnownFileType = sourcecode.c.objc; path = "UIBezierPath+Trim.m"; sourceTree = "<group>"; };
		9C4D25F227902948007128EC /* ZHPenPath.swift */ = {isa = PBXFileReference; lastKnownFileType = sourcecode.swift; path = ZHPenPath.swift; sourceTree = "<group>"; };
		9C9FA1E127A23017005DB885 /* bgimgW.png */ = {isa = PBXFileReference; lastKnownFileType = image.png; path = bgimgW.png; sourceTree = "<group>"; };
		9CA7B2FF279A9514009D4309 /* ZHExtension.swift */ = {isa = PBXFileReference; lastKnownFileType = sourcecode.swift; path = ZHExtension.swift; sourceTree = "<group>"; };
		9CADE7DE279E52D80084B482 /* ZHTextPath.swift */ = {isa = PBXFileReference; lastKnownFileType = sourcecode.swift; path = ZHTextPath.swift; sourceTree = "<group>"; };
		9CC62CF7279693E600A6FE1E /* ZHLinePath.swift */ = {isa = PBXFileReference; lastKnownFileType = sourcecode.swift; path = ZHLinePath.swift; sourceTree = "<group>"; };
		9CC62CF92796A32C00A6FE1E /* ZHBasePath.swift */ = {isa = PBXFileReference; lastKnownFileType = sourcecode.swift; path = ZHBasePath.swift; sourceTree = "<group>"; };
		9CC62CFB2796A83A00A6FE1E /* ZHDrawBoardOptionBar.swift */ = {isa = PBXFileReference; lastKnownFileType = sourcecode.swift; path = ZHDrawBoardOptionBar.swift; sourceTree = "<group>"; };
		9CC62CFD2796AAEA00A6FE1E /* ZHDrawView.swift */ = {isa = PBXFileReference; lastKnownFileType = sourcecode.swift; path = ZHDrawView.swift; sourceTree = "<group>"; };
		9CE0A7D82797E147004E6B4C /* ZHCirclePath.swift */ = {isa = PBXFileReference; lastKnownFileType = sourcecode.swift; path = ZHCirclePath.swift; sourceTree = "<group>"; };
		9CE0A7DA27993E4D004E6B4C /* ZHRectPath.swift */ = {isa = PBXFileReference; lastKnownFileType = sourcecode.swift; path = ZHRectPath.swift; sourceTree = "<group>"; };
		9CE0A7DC27994869004E6B4C /* ZHArrowPath.swift */ = {isa = PBXFileReference; lastKnownFileType = sourcecode.swift; path = ZHArrowPath.swift; sourceTree = "<group>"; };
		9CE1A5982795429D00BD7930 /* ZHDrawSelectedView.swift */ = {isa = PBXFileReference; lastKnownFileType = sourcecode.swift; path = ZHDrawSelectedView.swift; sourceTree = "<group>"; };
/* End PBXFileReference section */

/* Begin PBXFrameworksBuildPhase section */
		9C000412278EAF6E00775F6D /* Frameworks */ = {
			isa = PBXFrameworksBuildPhase;
			buildActionMask = 2147483647;
			files = (
				E4F3527550C085C7A8D63572 /* Pods_ZHDrawBoardDemo.framework in Frameworks */,
			);
			runOnlyForDeploymentPostprocessing = 0;
		};
/* End PBXFrameworksBuildPhase section */

/* Begin PBXGroup section */
		59E35EBA94F384D662ED8754 /* Frameworks */ = {
			isa = PBXGroup;
			children = (
				6E3AD0F82D9A882F988F83C9 /* Pods_ZHDrawBoardDemo.framework */,
			);
			name = Frameworks;
			sourceTree = "<group>";
		};
		9C00040C278EAF6E00775F6D = {
			isa = PBXGroup;
			children = (
				9C000417278EAF6E00775F6D /* ZHDrawBoardDemo */,
				9C000416278EAF6E00775F6D /* Products */,
				FACE9EA72A06122AA10D0ED0 /* Pods */,
				59E35EBA94F384D662ED8754 /* Frameworks */,
			);
			sourceTree = "<group>";
		};
		9C000416278EAF6E00775F6D /* Products */ = {
			isa = PBXGroup;
			children = (
				9C000415278EAF6E00775F6D /* ZHDrawBoardDemo.app */,
			);
			name = Products;
			sourceTree = "<group>";
		};
		9C000417278EAF6E00775F6D /* ZHDrawBoardDemo */ = {
			isa = PBXGroup;
			children = (
				9C00042C278EAFB000775F6D /* ZHDrawBoard */,
				9C000418278EAF6E00775F6D /* AppDelegate.swift */,
				9C00041A278EAF6E00775F6D /* SceneDelegate.swift */,
				9C00041C278EAF6E00775F6D /* ViewController.swift */,
				9C00041E278EAF6E00775F6D /* Main.storyboard */,
				9C000421278EAF6E00775F6D /* Assets.xcassets */,
				9C000423278EAF6E00775F6D /* LaunchScreen.storyboard */,
				9C000426278EAF6E00775F6D /* Info.plist */,
			);
			path = ZHDrawBoardDemo;
			sourceTree = "<group>";
		};
		9C00042C278EAFB000775F6D /* ZHDrawBoard */ = {
			isa = PBXGroup;
			children = (
				9C22C376279FEE3A006E4836 /* ClippingBezier */,
				9C22C30C279FEA4B006E4836 /* ZHDrawBoardDemo-Bridging-Header.h */,
				5217BB9A279CFB7300948175 /* bgimg.png */,
				9C9FA1E127A23017005DB885 /* bgimgW.png */,
				9C000433278EC71C00775F6D /* ZHDrawBoard.xib */,
				9C000434278EC71C00775F6D /* ZHDrawBoard.swift */,
				9CC62CFB2796A83A00A6FE1E /* ZHDrawBoardOptionBar.swift */,
				9CC62CFD2796AAEA00A6FE1E /* ZHDrawView.swift */,
				9CE1A5982795429D00BD7930 /* ZHDrawSelectedView.swift */,
				9CC62CF92796A32C00A6FE1E /* ZHBasePath.swift */,
				9C4D25F227902948007128EC /* ZHPenPath.swift */,
				9CE0A7D82797E147004E6B4C /* ZHCirclePath.swift */,
				9CE0A7DA27993E4D004E6B4C /* ZHRectPath.swift */,
				9CE0A7DC27994869004E6B4C /* ZHArrowPath.swift */,
				9CC62CF7279693E600A6FE1E /* ZHLinePath.swift */,
				9CADE7DE279E52D80084B482 /* ZHTextPath.swift */,
				9CA7B2FF279A9514009D4309 /* ZHExtension.swift */,
			);
			name = ZHDrawBoard;
			path = ../../ZHDrawBoard;
			sourceTree = "<group>";
		};
		9C22C376279FEE3A006E4836 /* ClippingBezier */ = {
			isa = PBXGroup;
			children = (
				9C22C3C9279FEF2B006E4836 /* ClippingBezier-Info.plist */,
				9C22C39D279FEE3A006E4836 /* BezierUtilsLicense */,
				9C22C395279FEE3A006E4836 /* ClippingBezier.h */,
				9C2A004327B23BC600B9BAC7 /* PerformanceBezier */,
				9CA35B4F27B23FAA00DACA14 /* DKUIBezierPath */,
				9CA35B5027B242D300DACA14 /* UIBezierPath+Extension */,
				9C22C38E279FEE3A006E4836 /* bezier-clipping.h */,
				9C22C377279FEE3A006E4836 /* bezier-clipping.mm */,
				9C22C384279FEE3A006E4836 /* bezier-utils.h */,
				9C22C38D279FEE3A006E4836 /* bezier-utils.cpp */,
				9C22C383279FEE3A006E4836 /* bezierclip.hxx */,
				9C22C3AE279FEE3A006E4836 /* bezierclip.cxx */,
				9C22C381279FEE3A006E4836 /* point.h */,
				9C22C39A279FEE3A006E4836 /* point.cpp */,
				9C22C3A8279FEE3A006E4836 /* transforms.h */,
				9C22C37B279FEE3A006E4836 /* transforms.cpp */,
				9C22C38A279FEE3A006E4836 /* matrix.h */,
				9C22C39E279FEE3A006E4836 /* matrix.cpp */,
				9C22C37C279FEE3A006E4836 /* JRSwizzle.h */,
				9C22C3A2279FEE3A006E4836 /* JRSwizzle.m */,
				9C22C389279FEE3A006E4836 /* MMBackwardCompatible.h */,
				9C22C3A3279FEE3A006E4836 /* MMBackwardCompatible.m */,
				9C22C388279FEE3A006E4836 /* NearestPoint.h */,
				9C22C3A5279FEE3A006E4836 /* NearestPoint.c */,
				9C22C379279FEE3A006E4836 /* utils.h */,
				9C22C37A279FEE3A006E4836 /* gauss.hxx */,
				9C22C386279FEE3A006E4836 /* convexhull.cxx */,
				9C22C38C279FEE3A006E4836 /* coord.h */,
				9C22C394279FEE3A006E4836 /* isnan.h */,
				9C22C3AD279FEE3A006E4836 /* interval.h */,
			);
			path = ClippingBezier;
			sourceTree = "<group>";
		};
		9C2A004327B23BC600B9BAC7 /* PerformanceBezier */ = {
			isa = PBXGroup;
			children = (
				9C2A004427B23BC600B9BAC7 /* UIBezierPath+Performance.m */,
				9C2A004527B23BC600B9BAC7 /* UIBezierPath+Equals.h */,
				9C2A004627B23BC600B9BAC7 /* UIBezierPath+Description.h */,
				9C2A004727B23BC600B9BAC7 /* JRSwizzle.h */,
				9C2A004827B23BC600B9BAC7 /* UIBezierPath+Ahmed.m */,
				9C2A004927B23BC600B9BAC7 /* UIBezierPath+Util.m */,
				9C2A004A27B23BC600B9BAC7 /* UIBezierPath+NSOSX.m */,
				9C2A004B27B23BC600B9BAC7 /* UIBezierPath+NSOSX_Private.h */,
				9C2A004C27B23BC600B9BAC7 /* UIBezierPath+Center.h */,
				9C2A004D27B23BC600B9BAC7 /* UIBezierPathProperties.h */,
				9C2A004E27B23BC600B9BAC7 /* UIBezierPath+FirstLast.m */,
				9C2A004F27B23BC600B9BAC7 /* PerformanceBezier.h */,
				9C2A005027B23BC600B9BAC7 /* UIBezierPath+Trim.h */,
				9C2A005127B23BC600B9BAC7 /* UIBezierPath+Clockwise.m */,
				9C2A005227B23BC600B9BAC7 /* UIBezierPath+Uncached.h */,
				9C2A005327B23BC600B9BAC7 /* UIBezierPath+Description.m */,
				9C2A005427B23BC600B9BAC7 /* UIBezierPath+Performance_Private.h */,
				9C2A005527B23BC600B9BAC7 /* UIBezierPath+Equals.m */,
				9C2A005627B23BC600B9BAC7 /* UIBezierPath+Performance.h */,
				9C2A005727B23BC600B9BAC7 /* UIBezierPath+NSOSX.h */,
				9C2A005827B23BC600B9BAC7 /* UIBezierPath+Util.h */,
				9C2A005927B23BC600B9BAC7 /* UIBezierPath+Ahmed.h */,
				9C2A005A27B23BC600B9BAC7 /* JRSwizzle.m */,
				9C2A005B27B23BC600B9BAC7 /* UIBezierPath+FirstLast.h */,
				9C2A005C27B23BC600B9BAC7 /* UIBezierPath+Center.m */,
				9C2A005D27B23BC600B9BAC7 /* UIBezierPathProperties.m */,
				9C2A005E27B23BC600B9BAC7 /* UIBezierPath+Uncached.m */,
				9C2A005F27B23BC600B9BAC7 /* UIBezierPath+Clockwise.h */,
				9C2A006027B23BC600B9BAC7 /* UIBezierPath+Trim.m */,
			);
			path = PerformanceBezier;
			sourceTree = "<group>";
		};
		9CA35B4F27B23FAA00DACA14 /* DKUIBezierPath */ = {
			isa = PBXGroup;
			children = (
				9C22C378279FEE3A006E4836 /* DKUIBezierPathShape.h */,
				9C22C398279FEE3A006E4836 /* DKUIBezierPathShape.m */,
				9C22C37D279FEE3A006E4836 /* DKVector.h */,
				9C22C3A1279FEE3A006E4836 /* DKVector.m */,
				9C22C380279FEE3A006E4836 /* DKTangentAtPoint.h */,
				9C22C39F279FEE3A006E4836 /* DKTangentAtPoint.m */,
				9C22C39C279FEE3A006E4836 /* DKIntersectionOfPaths.h */,
				9C22C382279FEE3A006E4836 /* DKIntersectionOfPaths.m */,
				9C22C385279FEE3A006E4836 /* DKUIBezierPathClippedSegment.h */,
				9C22C39B279FEE3A006E4836 /* DKUIBezierPathClippedSegment.m */,
				9C22C3AA279FEE3A006E4836 /* DKUIBezierUnmatchedPathIntersectionPoint.h */,
				9C22C390279FEE3A006E4836 /* DKUIBezierUnmatchedPathIntersectionPoint.m */,
				9C22C396279FEE3A006E4836 /* DKUIBezierPathIntersectionPoint+Private.h */,
				9C22C391279FEE3A006E4836 /* DKUIBezierPathIntersectionPoint.h */,
				9C22C3A9279FEE3A006E4836 /* DKUIBezierPathIntersectionPoint.m */,
				9C22C393279FEE3A006E4836 /* DKUIBezierPathClippingResult.h */,
				9C22C3A6279FEE3A006E4836 /* DKUIBezierPathClippingResult.m */,
				9C22C387279FEE3A006E4836 /* UIBezierPath+DKOSX.h */,
				9C22C3A4279FEE3A006E4836 /* UIBezierPath+DKOSX.m */,
			);
			path = DKUIBezierPath;
			sourceTree = "<group>";
		};
		9CA35B5027B242D300DACA14 /* UIBezierPath+Extension */ = {
			isa = PBXGroup;
			children = (
				9C22C37F279FEE3A006E4836 /* UIBezierPath+Clipping_Private.h */,
				9C22C38B279FEE3A006E4836 /* UIBezierPath+Clipping.h */,
				9C22C397279FEE3A006E4836 /* UIBezierPath+Clipping.mm */,
				9C22C3AC279FEE3A006E4836 /* UIBezierPath+Intersections.h */,
				9C22C38F279FEE3A006E4836 /* UIBezierPath+Intersections.m */,
				9C22C3A7279FEE3A006E4836 /* UIBezierPath+GeometryExtras.h */,
				9C22C392279FEE3A006E4836 /* UIBezierPath+GeometryExtras.m */,
				9C22C37E279FEE3A006E4836 /* UIBezierPath+Trimming.h */,
				9C22C3A0279FEE3A006E4836 /* UIBezierPath+Trimming.m */,
			);
			path = "UIBezierPath+Extension";
			sourceTree = "<group>";
		};
		FACE9EA72A06122AA10D0ED0 /* Pods */ = {
			isa = PBXGroup;
			children = (
				49A61FA4059E6B3FE824CF5A /* Pods-ZHDrawBoardDemo.debug.xcconfig */,
				59EFA203F748FE96F5674405 /* Pods-ZHDrawBoardDemo.release.xcconfig */,
			);
			path = Pods;
			sourceTree = "<group>";
		};
/* End PBXGroup section */

/* Begin PBXNativeTarget section */
		9C000414278EAF6E00775F6D /* ZHDrawBoardDemo */ = {
			isa = PBXNativeTarget;
			buildConfigurationList = 9C000429278EAF6E00775F6D /* Build configuration list for PBXNativeTarget "ZHDrawBoardDemo" */;
			buildPhases = (
				223D1AE094D64B217BC9331A /* [CP] Check Pods Manifest.lock */,
				9C000411278EAF6E00775F6D /* Sources */,
				9C000412278EAF6E00775F6D /* Frameworks */,
				9C000413278EAF6E00775F6D /* Resources */,
			);
			buildRules = (
			);
			dependencies = (
			);
			name = ZHDrawBoardDemo;
			productName = ZHDrawBoardDemo;
			productReference = 9C000415278EAF6E00775F6D /* ZHDrawBoardDemo.app */;
			productType = "com.apple.product-type.application";
		};
/* End PBXNativeTarget section */

/* Begin PBXProject section */
		9C00040D278EAF6E00775F6D /* Project object */ = {
			isa = PBXProject;
			attributes = {
				CLASSPREFIX = ZH;
				LastSwiftUpdateCheck = 1250;
				LastUpgradeCheck = 1250;
				TargetAttributes = {
					9C000414278EAF6E00775F6D = {
						CreatedOnToolsVersion = 12.5.1;
						LastSwiftMigration = 1250;
					};
				};
			};
			buildConfigurationList = 9C000410278EAF6E00775F6D /* Build configuration list for PBXProject "ZHDrawBoardDemo" */;
			compatibilityVersion = "Xcode 9.3";
			developmentRegion = en;
			hasScannedForEncodings = 0;
			knownRegions = (
				en,
				Base,
			);
			mainGroup = 9C00040C278EAF6E00775F6D;
			productRefGroup = 9C000416278EAF6E00775F6D /* Products */;
			projectDirPath = "";
			projectRoot = "";
			targets = (
				9C000414278EAF6E00775F6D /* ZHDrawBoardDemo */,
			);
		};
/* End PBXProject section */

/* Begin PBXResourcesBuildPhase section */
		9C000413278EAF6E00775F6D /* Resources */ = {
			isa = PBXResourcesBuildPhase;
			buildActionMask = 2147483647;
			files = (
				9C000435278EC71C00775F6D /* ZHDrawBoard.xib in Resources */,
				9C22C3CA279FEF2B006E4836 /* ClippingBezier-Info.plist in Resources */,
				9C9FA1E227A23017005DB885 /* bgimgW.png in Resources */,
				9C000425278EAF6E00775F6D /* LaunchScreen.storyboard in Resources */,
				9C22C3BC279FEE3A006E4836 /* BezierUtilsLicense in Resources */,
				9C000422278EAF6E00775F6D /* Assets.xcassets in Resources */,
				5217BB9B279CFB7300948175 /* bgimg.png in Resources */,
				9C000420278EAF6E00775F6D /* Main.storyboard in Resources */,
			);
			runOnlyForDeploymentPostprocessing = 0;
		};
/* End PBXResourcesBuildPhase section */

/* Begin PBXShellScriptBuildPhase section */
		223D1AE094D64B217BC9331A /* [CP] Check Pods Manifest.lock */ = {
			isa = PBXShellScriptBuildPhase;
			buildActionMask = 2147483647;
			files = (
			);
			inputFileListPaths = (
			);
			inputPaths = (
				"${PODS_PODFILE_DIR_PATH}/Podfile.lock",
				"${PODS_ROOT}/Manifest.lock",
			);
			name = "[CP] Check Pods Manifest.lock";
			outputFileListPaths = (
			);
			outputPaths = (
				"$(DERIVED_FILE_DIR)/Pods-ZHDrawBoardDemo-checkManifestLockResult.txt",
			);
			runOnlyForDeploymentPostprocessing = 0;
			shellPath = /bin/sh;
			shellScript = "diff \"${PODS_PODFILE_DIR_PATH}/Podfile.lock\" \"${PODS_ROOT}/Manifest.lock\" > /dev/null\nif [ $? != 0 ] ; then\n    # print error to STDERR\n    echo \"error: The sandbox is not in sync with the Podfile.lock. Run 'pod install' or update your CocoaPods installation.\" >&2\n    exit 1\nfi\n# This output is used by Xcode 'outputs' to avoid re-running this script phase.\necho \"SUCCESS\" > \"${SCRIPT_OUTPUT_FILE_0}\"\n";
			showEnvVarsInLog = 0;
		};
/* End PBXShellScriptBuildPhase section */

/* Begin PBXSourcesBuildPhase section */
		9C000411278EAF6E00775F6D /* Sources */ = {
			isa = PBXSourcesBuildPhase;
			buildActionMask = 2147483647;
			files = (
				9C22C3C2279FEE3A006E4836 /* MMBackwardCompatible.m in Sources */,
				9CA7B300279A9514009D4309 /* ZHExtension.swift in Sources */,
				9C000436278EC71C00775F6D /* ZHDrawBoard.swift in Sources */,
				9CC62CFA2796A32C00A6FE1E /* ZHBasePath.swift in Sources */,
				9CE0A7D92797E147004E6B4C /* ZHCirclePath.swift in Sources */,
				9C22C3B5279FEE3A006E4836 /* DKUIBezierUnmatchedPathIntersectionPoint.m in Sources */,
				9C22C3BE279FEE3A006E4836 /* DKTangentAtPoint.m in Sources */,
				9C2A006427B23BC600B9BAC7 /* UIBezierPath+NSOSX.m in Sources */,
				9C2A006927B23BC600B9BAC7 /* JRSwizzle.m in Sources */,
				9C00041D278EAF6E00775F6D /* ViewController.swift in Sources */,
				9C2A006B27B23BC600B9BAC7 /* UIBezierPathProperties.m in Sources */,
				9C22C3B1279FEE3A006E4836 /* DKIntersectionOfPaths.m in Sources */,
				9CC62CFE2796AAEA00A6FE1E /* ZHDrawView.swift in Sources */,
				9C2A006727B23BC600B9BAC7 /* UIBezierPath+Description.m in Sources */,
				9C2A006C27B23BC600B9BAC7 /* UIBezierPath+Uncached.m in Sources */,
				9CC62CFC2796A83A00A6FE1E /* ZHDrawBoardOptionBar.swift in Sources */,
				9C2A006527B23BC600B9BAC7 /* UIBezierPath+FirstLast.m in Sources */,
				9C22C3B6279FEE3A006E4836 /* UIBezierPath+GeometryExtras.m in Sources */,
				9C22C3C8279FEE3A006E4836 /* bezierclip.cxx in Sources */,
				9C2A006227B23BC600B9BAC7 /* UIBezierPath+Ahmed.m in Sources */,
				9CC62CF8279693E600A6FE1E /* ZHLinePath.swift in Sources */,
				9C22C3C5279FEE3A006E4836 /* DKUIBezierPathClippingResult.m in Sources */,
				9C2A006127B23BC600B9BAC7 /* UIBezierPath+Performance.m in Sources */,
				9C22C3BF279FEE3A006E4836 /* UIBezierPath+Trimming.m in Sources */,
				9C22C3C6279FEE3A006E4836 /* DKUIBezierPathIntersectionPoint.m in Sources */,
				9CE0A7DB27993E4D004E6B4C /* ZHRectPath.swift in Sources */,
				9C2A006A27B23BC600B9BAC7 /* UIBezierPath+Center.m in Sources */,
				9C22C3C3279FEE3A006E4836 /* UIBezierPath+DKOSX.m in Sources */,
				9C22C3B2279FEE3A006E4836 /* convexhull.cxx in Sources */,
				9C2A006327B23BC600B9BAC7 /* UIBezierPath+Util.m in Sources */,
				9CADE7DF279E52D80084B482 /* ZHTextPath.swift in Sources */,
				9C22C3B8279FEE3A006E4836 /* DKUIBezierPathShape.m in Sources */,
				9C22C3C4279FEE3A006E4836 /* NearestPoint.c in Sources */,
				9C000419278EAF6E00775F6D /* AppDelegate.swift in Sources */,
				9C22C3BB279FEE3A006E4836 /* DKUIBezierPathClippedSegment.m in Sources */,
				9C22C3C0279FEE3A006E4836 /* DKVector.m in Sources */,
				9C22C3B0279FEE3A006E4836 /* transforms.cpp in Sources */,
				9CE1A5992795429D00BD7930 /* ZHDrawSelectedView.swift in Sources */,
				9C4D25F327902948007128EC /* ZHPenPath.swift in Sources */,
				9C22C3B3279FEE3A006E4836 /* bezier-utils.cpp in Sources */,
				9C22C3BA279FEE3A006E4836 /* point.cpp in Sources */,
				9C00041B278EAF6E00775F6D /* SceneDelegate.swift in Sources */,
				9C2A006827B23BC600B9BAC7 /* UIBezierPath+Equals.m in Sources */,
				9C22C3C1279FEE3A006E4836 /* JRSwizzle.m in Sources */,
				9C2A006627B23BC600B9BAC7 /* UIBezierPath+Clockwise.m in Sources */,
				9C22C3AF279FEE3A006E4836 /* bezier-clipping.mm in Sources */,
				9C22C3BD279FEE3A006E4836 /* matrix.cpp in Sources */,
				9C22C3B7279FEE3A006E4836 /* UIBezierPath+Clipping.mm in Sources */,
				9CE0A7DD27994869004E6B4C /* ZHArrowPath.swift in Sources */,
				9C2A006D27B23BC600B9BAC7 /* UIBezierPath+Trim.m in Sources */,
				9C22C3B4279FEE3A006E4836 /* UIBezierPath+Intersections.m in Sources */,
			);
			runOnlyForDeploymentPostprocessing = 0;
		};
/* End PBXSourcesBuildPhase section */

/* Begin PBXVariantGroup section */
		9C00041E278EAF6E00775F6D /* Main.storyboard */ = {
			isa = PBXVariantGroup;
			children = (
				9C00041F278EAF6E00775F6D /* Base */,
			);
			name = Main.storyboard;
			sourceTree = "<group>";
		};
		9C000423278EAF6E00775F6D /* LaunchScreen.storyboard */ = {
			isa = PBXVariantGroup;
			children = (
				9C000424278EAF6E00775F6D /* Base */,
			);
			name = LaunchScreen.storyboard;
			sourceTree = "<group>";
		};
/* End PBXVariantGroup section */

/* Begin XCBuildConfiguration section */
		9C000427278EAF6E00775F6D /* Debug */ = {
			isa = XCBuildConfiguration;
			buildSettings = {
				ALWAYS_SEARCH_USER_PATHS = NO;
				CLANG_ANALYZER_NONNULL = YES;
				CLANG_ANALYZER_NUMBER_OBJECT_CONVERSION = YES_AGGRESSIVE;
				CLANG_CXX_LANGUAGE_STANDARD = "gnu++14";
				CLANG_CXX_LIBRARY = "libc++";
				CLANG_ENABLE_MODULES = YES;
				CLANG_ENABLE_OBJC_ARC = YES;
				CLANG_ENABLE_OBJC_WEAK = YES;
				CLANG_WARN_BLOCK_CAPTURE_AUTORELEASING = YES;
				CLANG_WARN_BOOL_CONVERSION = YES;
				CLANG_WARN_COMMA = YES;
				CLANG_WARN_CONSTANT_CONVERSION = YES;
				CLANG_WARN_DEPRECATED_OBJC_IMPLEMENTATIONS = YES;
				CLANG_WARN_DIRECT_OBJC_ISA_USAGE = YES_ERROR;
				CLANG_WARN_DOCUMENTATION_COMMENTS = YES;
				CLANG_WARN_EMPTY_BODY = YES;
				CLANG_WARN_ENUM_CONVERSION = YES;
				CLANG_WARN_INFINITE_RECURSION = YES;
				CLANG_WARN_INT_CONVERSION = YES;
				CLANG_WARN_NON_LITERAL_NULL_CONVERSION = YES;
				CLANG_WARN_OBJC_IMPLICIT_RETAIN_SELF = YES;
				CLANG_WARN_OBJC_LITERAL_CONVERSION = YES;
				CLANG_WARN_OBJC_ROOT_CLASS = YES_ERROR;
				CLANG_WARN_QUOTED_INCLUDE_IN_FRAMEWORK_HEADER = YES;
				CLANG_WARN_RANGE_LOOP_ANALYSIS = YES;
				CLANG_WARN_STRICT_PROTOTYPES = YES;
				CLANG_WARN_SUSPICIOUS_MOVE = YES;
				CLANG_WARN_UNGUARDED_AVAILABILITY = YES_AGGRESSIVE;
				CLANG_WARN_UNREACHABLE_CODE = YES;
				CLANG_WARN__DUPLICATE_METHOD_MATCH = YES;
				COPY_PHASE_STRIP = NO;
				DEBUG_INFORMATION_FORMAT = dwarf;
				ENABLE_STRICT_OBJC_MSGSEND = YES;
				ENABLE_TESTABILITY = YES;
				GCC_C_LANGUAGE_STANDARD = gnu11;
				GCC_DYNAMIC_NO_PIC = NO;
				GCC_NO_COMMON_BLOCKS = YES;
				GCC_OPTIMIZATION_LEVEL = 0;
				GCC_PREPROCESSOR_DEFINITIONS = (
					"DEBUG=1",
					"$(inherited)",
				);
				GCC_WARN_64_TO_32_BIT_CONVERSION = YES;
				GCC_WARN_ABOUT_RETURN_TYPE = YES_ERROR;
				GCC_WARN_UNDECLARED_SELECTOR = YES;
				GCC_WARN_UNINITIALIZED_AUTOS = YES_AGGRESSIVE;
				GCC_WARN_UNUSED_FUNCTION = YES;
				GCC_WARN_UNUSED_VARIABLE = YES;
				IPHONEOS_DEPLOYMENT_TARGET = 14.5;
				MTL_ENABLE_DEBUG_INFO = INCLUDE_SOURCE;
				MTL_FAST_MATH = YES;
				ONLY_ACTIVE_ARCH = YES;
				SDKROOT = iphoneos;
				SWIFT_ACTIVE_COMPILATION_CONDITIONS = DEBUG;
				SWIFT_OPTIMIZATION_LEVEL = "-Onone";
			};
			name = Debug;
		};
		9C000428278EAF6E00775F6D /* Release */ = {
			isa = XCBuildConfiguration;
			buildSettings = {
				ALWAYS_SEARCH_USER_PATHS = NO;
				CLANG_ANALYZER_NONNULL = YES;
				CLANG_ANALYZER_NUMBER_OBJECT_CONVERSION = YES_AGGRESSIVE;
				CLANG_CXX_LANGUAGE_STANDARD = "gnu++14";
				CLANG_CXX_LIBRARY = "libc++";
				CLANG_ENABLE_MODULES = YES;
				CLANG_ENABLE_OBJC_ARC = YES;
				CLANG_ENABLE_OBJC_WEAK = YES;
				CLANG_WARN_BLOCK_CAPTURE_AUTORELEASING = YES;
				CLANG_WARN_BOOL_CONVERSION = YES;
				CLANG_WARN_COMMA = YES;
				CLANG_WARN_CONSTANT_CONVERSION = YES;
				CLANG_WARN_DEPRECATED_OBJC_IMPLEMENTATIONS = YES;
				CLANG_WARN_DIRECT_OBJC_ISA_USAGE = YES_ERROR;
				CLANG_WARN_DOCUMENTATION_COMMENTS = YES;
				CLANG_WARN_EMPTY_BODY = YES;
				CLANG_WARN_ENUM_CONVERSION = YES;
				CLANG_WARN_INFINITE_RECURSION = YES;
				CLANG_WARN_INT_CONVERSION = YES;
				CLANG_WARN_NON_LITERAL_NULL_CONVERSION = YES;
				CLANG_WARN_OBJC_IMPLICIT_RETAIN_SELF = YES;
				CLANG_WARN_OBJC_LITERAL_CONVERSION = YES;
				CLANG_WARN_OBJC_ROOT_CLASS = YES_ERROR;
				CLANG_WARN_QUOTED_INCLUDE_IN_FRAMEWORK_HEADER = YES;
				CLANG_WARN_RANGE_LOOP_ANALYSIS = YES;
				CLANG_WARN_STRICT_PROTOTYPES = YES;
				CLANG_WARN_SUSPICIOUS_MOVE = YES;
				CLANG_WARN_UNGUARDED_AVAILABILITY = YES_AGGRESSIVE;
				CLANG_WARN_UNREACHABLE_CODE = YES;
				CLANG_WARN__DUPLICATE_METHOD_MATCH = YES;
				COPY_PHASE_STRIP = NO;
				DEBUG_INFORMATION_FORMAT = "dwarf-with-dsym";
				ENABLE_NS_ASSERTIONS = NO;
				ENABLE_STRICT_OBJC_MSGSEND = YES;
				GCC_C_LANGUAGE_STANDARD = gnu11;
				GCC_NO_COMMON_BLOCKS = YES;
				GCC_WARN_64_TO_32_BIT_CONVERSION = YES;
				GCC_WARN_ABOUT_RETURN_TYPE = YES_ERROR;
				GCC_WARN_UNDECLARED_SELECTOR = YES;
				GCC_WARN_UNINITIALIZED_AUTOS = YES_AGGRESSIVE;
				GCC_WARN_UNUSED_FUNCTION = YES;
				GCC_WARN_UNUSED_VARIABLE = YES;
				IPHONEOS_DEPLOYMENT_TARGET = 14.5;
				MTL_ENABLE_DEBUG_INFO = NO;
				MTL_FAST_MATH = YES;
				SDKROOT = iphoneos;
				SWIFT_COMPILATION_MODE = wholemodule;
				SWIFT_OPTIMIZATION_LEVEL = "-O";
				VALIDATE_PRODUCT = YES;
			};
			name = Release;
		};
		9C00042A278EAF6E00775F6D /* Debug */ = {
			isa = XCBuildConfiguration;
			baseConfigurationReference = 49A61FA4059E6B3FE824CF5A /* Pods-ZHDrawBoardDemo.debug.xcconfig */;
			buildSettings = {
				ASSETCATALOG_COMPILER_APPICON_NAME = AppIcon;
				ASSETCATALOG_COMPILER_GLOBAL_ACCENT_COLOR_NAME = AccentColor;
				CLANG_ENABLE_MODULES = YES;
				CODE_SIGN_STYLE = Automatic;
				DEVELOPMENT_TEAM = THBE855T8T;
				INFOPLIST_FILE = ZHDrawBoardDemo/Info.plist;
				IPHONEOS_DEPLOYMENT_TARGET = 13.0;
				LD_RUNPATH_SEARCH_PATHS = (
					"$(inherited)",
					"@executable_path/Frameworks",
				);
				PRODUCT_BUNDLE_IDENTIFIER = com.JohnHuang.ZHDrawBoardDemo;
				PRODUCT_NAME = "$(TARGET_NAME)";
				SWIFT_OBJC_BRIDGING_HEADER = "../ZHDrawBoard/ZHDrawBoardDemo-Bridging-Header.h";
				SWIFT_OPTIMIZATION_LEVEL = "-Onone";
				SWIFT_VERSION = 5.0;
				TARGETED_DEVICE_FAMILY = "1,2";
			};
			name = Debug;
		};
		9C00042B278EAF6E00775F6D /* Release */ = {
			isa = XCBuildConfiguration;
			baseConfigurationReference = 59EFA203F748FE96F5674405 /* Pods-ZHDrawBoardDemo.release.xcconfig */;
			buildSettings = {
				ASSETCATALOG_COMPILER_APPICON_NAME = AppIcon;
				ASSETCATALOG_COMPILER_GLOBAL_ACCENT_COLOR_NAME = AccentColor;
				CLANG_ENABLE_MODULES = YES;
				CODE_SIGN_STYLE = Automatic;
				DEVELOPMENT_TEAM = THBE855T8T;
				INFOPLIST_FILE = ZHDrawBoardDemo/Info.plist;
				IPHONEOS_DEPLOYMENT_TARGET = 13.0;
				LD_RUNPATH_SEARCH_PATHS = (
					"$(inherited)",
					"@executable_path/Frameworks",
				);
				PRODUCT_BUNDLE_IDENTIFIER = com.JohnHuang.ZHDrawBoardDemo;
				PRODUCT_NAME = "$(TARGET_NAME)";
				SWIFT_OBJC_BRIDGING_HEADER = "../ZHDrawBoard/ZHDrawBoardDemo-Bridging-Header.h";
				SWIFT_VERSION = 5.0;
				TARGETED_DEVICE_FAMILY = "1,2";
			};
			name = Release;
		};
/* End XCBuildConfiguration section */

/* Begin XCConfigurationList section */
		9C000410278EAF6E00775F6D /* Build configuration list for PBXProject "ZHDrawBoardDemo" */ = {
			isa = XCConfigurationList;
			buildConfigurations = (
				9C000427278EAF6E00775F6D /* Debug */,
				9C000428278EAF6E00775F6D /* Release */,
			);
			defaultConfigurationIsVisible = 0;
			defaultConfigurationName = Release;
		};
		9C000429278EAF6E00775F6D /* Build configuration list for PBXNativeTarget "ZHDrawBoardDemo" */ = {
			isa = XCConfigurationList;
			buildConfigurations = (
				9C00042A278EAF6E00775F6D /* Debug */,
				9C00042B278EAF6E00775F6D /* Release */,
			);
			defaultConfigurationIsVisible = 0;
			defaultConfigurationName = Release;
		};
/* End XCConfigurationList section */
	};
	rootObject = 9C00040D278EAF6E00775F6D /* Project object */;
}
